{
  "version": 4,
  "terraform_version": "1.5.7",
  "serial": 3,
  "lineage": "767cb5db-de8e-23c3-a712-e2dec2215795",
  "outputs": {
    "config_snippet": {
      "value": "  backend \"s3\" {\n    bucket  = \"c22-planning-bootstrap-s3\"\n    key     = \"global/s3/terraform.tfstate\"\n    region  = \"eu-west-2\"\n    encrypt = true\n    # dynamodb_table removed due to permissions\n  }\n",
      "type": "string"
    }
  },
  "resources": [
    {
      "mode": "managed",
      "type": "aws_s3_bucket",
      "name": "c22-planning-tf-state",
      "provider": "provider[\"registry.terraform.io/hashicorp/aws\"]",
      "instances": [
        {
          "schema_version": 0,
          "attributes": {
            "acceleration_status": "",
            "acl": null,
            "arn": "arn:aws:s3:::c22-planning-bootstrap-s3",
            "bucket": "c22-planning-bootstrap-s3",
            "bucket_domain_name": "c22-planning-bootstrap-s3.s3.amazonaws.com",
            "bucket_prefix": "",
            "bucket_regional_domain_name": "c22-planning-bootstrap-s3.s3.eu-west-2.amazonaws.com",
            "cors_rule": [],
            "force_destroy": false,
            "grant": [
              {
                "id": "c3c9c6dec6716abc6b40931d6645cb2bca0ce3be2559f1a49e02d41b6f8cda90",
                "permissions": [
                  "FULL_CONTROL"
                ],
                "type": "CanonicalUser",
                "uri": ""
              }
            ],
            "hosted_zone_id": "Z3GKZC51ZF0DB4",
            "id": "c22-planning-bootstrap-s3",
            "lifecycle_rule": [],
            "logging": [],
            "object_lock_configuration": [],
            "object_lock_enabled": false,
            "policy": "",
            "region": "eu-west-2",
            "replication_configuration": [],
            "request_payer": "BucketOwner",
            "server_side_encryption_configuration": [
              {
                "rule": [
                  {
                    "apply_server_side_encryption_by_default": [
                      {
                        "kms_master_key_id": "",
                        "sse_algorithm": "AES256"
                      }
                    ],
                    "bucket_key_enabled": false
                  }
                ]
              }
            ],
            "tags": null,
            "tags_all": {},
            "timeouts": null,
            "versioning": [
              {
                "enabled": false,
                "mfa_delete": false
              }
            ],
            "website": [],
            "website_domain": null,
            "website_endpoint": null
          },
          "sensitive_attributes": [],
          "private": "eyJlMmJmYjczMC1lY2FhLTExZTYtOGY4OC0zNDM2M2JjN2M0YzAiOnsiY3JlYXRlIjoxMjAwMDAwMDAwMDAwLCJkZWxldGUiOjM2MDAwMDAwMDAwMDAsInJlYWQiOjEyMDAwMDAwMDAwMDAsInVwZGF0ZSI6MTIwMDAwMDAwMDAwMH19"
        }
      ]
    },
    {
      "mode": "managed",
      "type": "aws_s3_bucket_versioning",
      "name": "c22-planning-tf-state",
      "provider": "provider[\"registry.terraform.io/hashicorp/aws\"]",
      "instances": [
        {
          "schema_version": 0,
          "attributes": {
            "bucket": "c22-planning-bootstrap-s3",
            "expected_bucket_owner": "",
            "id": "c22-planning-bootstrap-s3",
            "mfa": null,
            "versioning_configuration": [
              {
                "mfa_delete": "",
                "status": "Enabled"
              }
            ]
          },
          "sensitive_attributes": [],
          "private": "bnVsbA==",
          "dependencies": [
            "aws_s3_bucket.c22-planning-tf-state"
          ]
        }
      ]
    }
  ],
  "check_results": null
}
